// !$*UTF8*$!
{
	archiveVersion = 1;
	classes = {
	};
	objectVersion = 50;
	objects = {

/* Begin PBXBuildFile section */
		F564F4B6269D5B6900210AEB /* AppDelegate.swift in Sources */ = {isa = PBXBuildFile; fileRef = F564F4B5269D5B6900210AEB /* AppDelegate.swift */; };
		F564F4B8269D5B6900210AEB /* SceneDelegate.swift in Sources */ = {isa = PBXBuildFile; fileRef = F564F4B7269D5B6900210AEB /* SceneDelegate.swift */; };
		F564F4BA269D5B6900210AEB /* ViewController.swift in Sources */ = {isa = PBXBuildFile; fileRef = F564F4B9269D5B6900210AEB /* ViewController.swift */; };
		F564F4BD269D5B6900210AEB /* Main.storyboard in Resources */ = {isa = PBXBuildFile; fileRef = F564F4BB269D5B6900210AEB /* Main.storyboard */; };
		F564F4BF269D5B6B00210AEB /* Assets.xcassets in Resources */ = {isa = PBXBuildFile; fileRef = F564F4BE269D5B6B00210AEB /* Assets.xcassets */; };
		F564F4C2269D5B6B00210AEB /* LaunchScreen.storyboard in Resources */ = {isa = PBXBuildFile; fileRef = F564F4C0269D5B6B00210AEB /* LaunchScreen.storyboard */; };
		F564F4CA269D5D5B00210AEB /* DetailViewController.swift in Sources */ = {isa = PBXBuildFile; fileRef = F564F4C9269D5D5B00210AEB /* DetailViewController.swift */; };
		F564F4CC269D5F7C00210AEB /* Note.swift in Sources */ = {isa = PBXBuildFile; fileRef = F564F4CB269D5F7C00210AEB /* Note.swift */; };
/* End PBXBuildFile section */

/* Begin PBXFileReference section */
		F564F4B2269D5B6900210AEB /* Custom Notes.app */ = {isa = PBXFileReference; explicitFileType = wrapper.application; includeInIndex = 0; path = "Custom Notes.app"; sourceTree = BUILT_PRODUCTS_DIR; };
		F564F4B5269D5B6900210AEB /* AppDelegate.swift */ = {isa = PBXFileReference; lastKnownFileType = sourcecode.swift; path = AppDelegate.swift; sourceTree = "<group>"; };
		F564F4B7269D5B6900210AEB /* SceneDelegate.swift */ = {isa = PBXFileReference; lastKnownFileType = sourcecode.swift; path = SceneDelegate.swift; sourceTree = "<group>"; };
		F564F4B9269D5B6900210AEB /* ViewController.swift */ = {isa = PBXFileReference; lastKnownFileType = sourcecode.swift; path = ViewController.swift; sourceTree = "<group>"; };
		F564F4BC269D5B6900210AEB /* Base */ = {isa = PBXFileReference; lastKnownFileType = file.storyboard; name = Base; path = Base.lproj/Main.storyboard; sourceTree = "<group>"; };
		F564F4BE269D5B6B00210AEB /* Assets.xcassets */ = {isa = PBXFileReference; lastKnownFileType = folder.assetcatalog; path = Assets.xcassets; sourceTree = "<group>"; };
		F564F4C1269D5B6B00210AEB /* Base */ = {isa = PBXFileReference; lastKnownFileType = file.storyboard; name = Base; path = Base.lproj/LaunchScreen.storyboard; sourceTree = "<group>"; };
		F564F4C3269D5B6B00210AEB /* Info.plist */ = {isa = PBXFileReference; lastKnownFileType = text.plist.xml; path = Info.plist; sourceTree = "<group>"; };
		F564F4C9269D5D5B00210AEB /* DetailViewController.swift */ = {isa = PBXFileReference; lastKnownFileType = sourcecode.swift; path = DetailViewController.swift; sourceTree = "<group>"; };
		F564F4CB269D5F7C00210AEB /* Note.swift */ = {isa = PBXFileReference; lastKnownFileType = sourcecode.swift; path = Note.swift; sourceTree = "<group>"; };
/* End PBXFileReference section */

/* Begin PBXFrameworksBuildPhase section */
		F564F4AF269D5B6900210AEB /* Frameworks */ = {
			isa = PBXFrameworksBuildPhase;
			buildActionMask = 2147483647;
			files = (
			);
			runOnlyForDeploymentPostprocessing = 0;
		};
/* End PBXFrameworksBuildPhase section */

/* Begin PBXGroup section */
		F564F4A9269D5B6900210AEB = {
			isa = PBXGroup;
			children = (
				F564F4B4269D5B6900210AEB /* Custom Notes */,
				F564F4B3269D5B6900210AEB /* Products */,
			);
			sourceTree = "<group>";
		};
		F564F4B3269D5B6900210AEB /* Products */ = {
			isa = PBXGroup;
			children = (
				F564F4B2269D5B6900210AEB /* Custom Notes.app */,
			);
			name = Products;
			sourceTree = "<group>";
		};
		F564F4B4269D5B6900210AEB /* Custom Notes */ = {
			isa = PBXGroup;
			children = (
				F564F4B5269D5B6900210AEB /* AppDelegate.swift */,
				F564F4B7269D5B6900210AEB /* SceneDelegate.swift */,
				F564F4B9269D5B6900210AEB /* ViewController.swift */,
				F564F4CB269D5F7C00210AEB /* Note.swift */,
				F564F4BB269D5B6900210AEB /* Main.storyboard */,
				F564F4C9269D5D5B00210AEB /* DetailViewController.swift */,
				F564F4BE269D5B6B00210AEB /* Assets.xcassets */,
				F564F4C0269D5B6B00210AEB /* LaunchScreen.storyboard */,
				F564F4C3269D5B6B00210AEB /* Info.plist */,
			);
			path = "Custom Notes";
			sourceTree = "<group>";
		};
/* End PBXGroup section */

/* Begin PBXNativeTarget section */
		F564F4B1269D5B6900210AEB /* Custom Notes */ = {
			isa = PBXNativeTarget;
			buildConfigurationList = F564F4C6269D5B6B00210AEB /* Build configuration list for PBXNativeTarget "Custom Notes" */;
			buildPhases = (
				F564F4AE269D5B6900210AEB /* Sources */,
				F564F4AF269D5B6900210AEB /* Frameworks */,
				F564F4B0269D5B6900210AEB /* Resources */,
			);
			buildRules = (
			);
			dependencies = (
			);
			name = "Custom Notes";
			productName = "Custom Notes";
			productReference = F564F4B2269D5B6900210AEB /* Custom Notes.app */;
			productType = "com.apple.product-type.application";
		};
/* End PBXNativeTarget section */

/* Begin PBXProject section */
		F564F4AA269D5B6900210AEB /* Project object */ = {
			isa = PBXProject;
			attributes = {
				LastSwiftUpdateCheck = 1250;
				LastUpgradeCheck = 1250;
				TargetAttributes = {
					F564F4B1269D5B6900210AEB = {
						CreatedOnToolsVersion = 12.5.1;
					};
				};
			};
			buildConfigurationList = F564F4AD269D5B6900210AEB /* Build configuration list for PBXProject "Custom Notes" */;
			compatibilityVersion = "Xcode 9.3";
			developmentRegion = en;
			hasScannedForEncodings = 0;
			knownRegions = (
				en,
				Base,
			);
			mainGroup = F564F4A9269D5B6900210AEB;
			productRefGroup = F564F4B3269D5B6900210AEB /* Products */;
			projectDirPath = "";
			projectRoot = "";
			targets = (
				F564F4B1269D5B6900210AEB /* Custom Notes */,
			);
		};
/* End PBXProject section */

/* Begin PBXResourcesBuildPhase section */
		F564F4B0269D5B6900210AEB /* Resources */ = {
			isa = PBXResourcesBuildPhase;
			buildActionMask = 2147483647;
			files = (
				F564F4C2269D5B6B00210AEB /* LaunchScreen.storyboard in Resources */,
				F564F4BF269D5B6B00210AEB /* Assets.xcassets in Resources */,
				F564F4BD269D5B6900210AEB /* Main.storyboard in Resources */,
			);
			runOnlyForDeploymentPostprocessing = 0;
		};
/* End PBXResourcesBuildPhase section */

/* Begin PBXSourcesBuildPhase section */
		F564F4AE269D5B6900210AEB /* Sources */ = {
			isa = PBXSourcesBuildPhase;
			buildActionMask = 2147483647;
			files = (
				F564F4CC269D5F7C00210AEB /* Note.swift in Sources */,
				F564F4BA269D5B6900210AEB /* ViewController.swift in Sources */,
				F564F4B6269D5B6900210AEB /* AppDelegate.swift in Sources */,
				F564F4B8269D5B6900210AEB /* SceneDelegate.swift in Sources */,
				F564F4CA269D5D5B00210AEB /* DetailViewController.swift in Sources */,
			);
			runOnlyForDeploymentPostprocessing = 0;
		};
/* End PBXSourcesBuildPhase section */

/* Begin PBXVariantGroup section */
		F564F4BB269D5B6900210AEB /* Main.storyboard */ = {
			isa = PBXVariantGroup;
			children = (
				F564F4BC269D5B6900210AEB /* Base */,
			);
			name = Main.storyboard;
			sourceTree = "<group>";
		};
		F564F4C0269D5B6B00210AEB /* LaunchScreen.storyboard */ = {
			isa = PBXVariantGroup;
			children = (
				F564F4C1269D5B6B00210AEB /* Base */,
			);
			name = LaunchScreen.storyboard;
			sourceTree = "<group>";
		};
/* End PBXVariantGroup section */

/* Begin XCBuildConfiguration section */
		F564F4C4269D5B6B00210AEB /* Debug */ = {
			isa = XCBuildConfiguration;
			buildSettings = {
				ALWAYS_SEARCH_USER_PATHS = NO;
				CLANG_ANALYZER_NONNULL = YES;
				CLANG_ANALYZER_NUMBER_OBJECT_CONVERSION = YES_AGGRESSIVE;
				CLANG_CXX_LANGUAGE_STANDARD = "gnu++14";
				CLANG_CXX_LIBRARY = "libc++";
				CLANG_ENABLE_MODULES = YES;
				CLANG_ENABLE_OBJC_ARC = YES;
				CLANG_ENABLE_OBJC_WEAK = YES;
				CLANG_WARN_BLOCK_CAPTURE_AUTORELEASING = YES;
				CLANG_WARN_BOOL_CONVERSION = YES;
				CLANG_WARN_COMMA = YES;
				CLANG_WARN_CONSTANT_CONVERSION = YES;
				CLANG_WARN_DEPRECATED_OBJC_IMPLEMENTATIONS = YES;
				CLANG_WARN_DIRECT_OBJC_ISA_USAGE = YES_ERROR;
				CLANG_WARN_DOCUMENTATION_COMMENTS = YES;
				CLANG_WARN_EMPTY_BODY = YES;
				CLANG_WARN_ENUM_CONVERSION = YES;
				CLANG_WARN_INFINITE_RECURSION = YES;
				CLANG_WARN_INT_CONVERSION = YES;
				CLANG_WARN_NON_LITERAL_NULL_CONVERSION = YES;
				CLANG_WARN_OBJC_IMPLICIT_RETAIN_SELF = YES;
				CLANG_WARN_OBJC_LITERAL_CONVERSION = YES;
				CLANG_WARN_OBJC_ROOT_CLASS = YES_ERROR;
				CLANG_WARN_QUOTED_INCLUDE_IN_FRAMEWORK_HEADER = YES;
				CLANG_WARN_RANGE_LOOP_ANALYSIS = YES;
				CLANG_WARN_STRICT_PROTOTYPES = YES;
				CLANG_WARN_SUSPICIOUS_MOVE = YES;
				CLANG_WARN_UNGUARDED_AVAILABILITY = YES_AGGRESSIVE;
				CLANG_WARN_UNREACHABLE_CODE = YES;
				CLANG_WARN__DUPLICATE_METHOD_MATCH = YES;
				COPY_PHASE_STRIP = NO;
				DEBUG_INFORMATION_FORMAT = dwarf;
				ENABLE_STRICT_OBJC_MSGSEND = YES;
				ENABLE_TESTABILITY = YES;
				GCC_C_LANGUAGE_STANDARD = gnu11;
				GCC_DYNAMIC_NO_PIC = NO;
				GCC_NO_COMMON_BLOCKS = YES;
				GCC_OPTIMIZATION_LEVEL = 0;
				GCC_PREPROCESSOR_DEFINITIONS = (
					"DEBUG=1",
					"$(inherited)",
				);
				GCC_WARN_64_TO_32_BIT_CONVERSION = YES;
				GCC_WARN_ABOUT_RETURN_TYPE = YES_ERROR;
				GCC_WARN_UNDECLARED_SELECTOR = YES;
				GCC_WARN_UNINITIALIZED_AUTOS = YES_AGGRESSIVE;
				GCC_WARN_UNUSED_FUNCTION = YES;
				GCC_WARN_UNUSED_VARIABLE = YES;
				IPHONEOS_DEPLOYMENT_TARGET = 14.5;
				MTL_ENABLE_DEBUG_INFO = INCLUDE_SOURCE;
				MTL_FAST_MATH = YES;
				ONLY_ACTIVE_ARCH = YES;
				SDKROOT = iphoneos;
				SWIFT_ACTIVE_COMPILATION_CONDITIONS = DEBUG;
				SWIFT_OPTIMIZATION_LEVEL = "-Onone";
			};
			name = Debug;
		};
		F564F4C5269D5B6B00210AEB /* Release */ = {
			isa = XCBuildConfiguration;
			buildSettings = {
				ALWAYS_SEARCH_USER_PATHS = NO;
				CLANG_ANALYZER_NONNULL = YES;
				CLANG_ANALYZER_NUMBER_OBJECT_CONVERSION = YES_AGGRESSIVE;
				CLANG_CXX_LANGUAGE_STANDARD = "gnu++14";
				CLANG_CXX_LIBRARY = "libc++";
				CLANG_ENABLE_MODULES = YES;
				CLANG_ENABLE_OBJC_ARC = YES;
				CLANG_ENABLE_OBJC_WEAK = YES;
				CLANG_WARN_BLOCK_CAPTURE_AUTORELEASING = YES;
				CLANG_WARN_BOOL_CONVERSION = YES;
				CLANG_WARN_COMMA = YES;
				CLANG_WARN_CONSTANT_CONVERSION = YES;
				CLANG_WARN_DEPRECATED_OBJC_IMPLEMENTATIONS = YES;
				CLANG_WARN_DIRECT_OBJC_ISA_USAGE = YES_ERROR;
				CLANG_WARN_DOCUMENTATION_COMMENTS = YES;
				CLANG_WARN_EMPTY_BODY = YES;
				CLANG_WARN_ENUM_CONVERSION = YES;
				CLANG_WARN_INFINITE_RECURSION = YES;
				CLANG_WARN_INT_CONVERSION = YES;
				CLANG_WARN_NON_LITERAL_NULL_CONVERSION = YES;
				CLANG_WARN_OBJC_IMPLICIT_RETAIN_SELF = YES;
				CLANG_WARN_OBJC_LITERAL_CONVERSION = YES;
				CLANG_WARN_OBJC_ROOT_CLASS = YES_ERROR;
				CLANG_WARN_QUOTED_INCLUDE_IN_FRAMEWORK_HEADER = YES;
				CLANG_WARN_RANGE_LOOP_ANALYSIS = YES;
				CLANG_WARN_STRICT_PROTOTYPES = YES;
				CLANG_WARN_SUSPICIOUS_MOVE = YES;
				CLANG_WARN_UNGUARDED_AVAILABILITY = YES_AGGRESSIVE;
				CLANG_WARN_UNREACHABLE_CODE = YES;
				CLANG_WARN__DUPLICATE_METHOD_MATCH = YES;
				COPY_PHASE_STRIP = NO;
				DEBUG_INFORMATION_FORMAT = "dwarf-with-dsym";
				ENABLE_NS_ASSERTIONS = NO;
				ENABLE_STRICT_OBJC_MSGSEND = YES;
				GCC_C_LANGUAGE_STANDARD = gnu11;
				GCC_NO_COMMON_BLOCKS = YES;
				GCC_WARN_64_TO_32_BIT_CONVERSION = YES;
				GCC_WARN_ABOUT_RETURN_TYPE = YES_ERROR;
				GCC_WARN_UNDECLARED_SELECTOR = YES;
				GCC_WARN_UNINITIALIZED_AUTOS = YES_AGGRESSIVE;
				GCC_WARN_UNUSED_FUNCTION = YES;
				GCC_WARN_UNUSED_VARIABLE = YES;
				IPHONEOS_DEPLOYMENT_TARGET = 14.5;
				MTL_ENABLE_DEBUG_INFO = NO;
				MTL_FAST_MATH = YES;
				SDKROOT = iphoneos;
				SWIFT_COMPILATION_MODE = wholemodule;
				SWIFT_OPTIMIZATION_LEVEL = "-O";
				VALIDATE_PRODUCT = YES;
			};
			name = Release;
		};
		F564F4C7269D5B6B00210AEB /* Debug */ = {
			isa = XCBuildConfiguration;
			buildSettings = {
				ASSETCATALOG_COMPILER_APPICON_NAME = AppIcon;
				ASSETCATALOG_COMPILER_GLOBAL_ACCENT_COLOR_NAME = AccentColor;
				CODE_SIGN_STYLE = Automatic;
				DEVELOPMENT_TEAM = PY3CD6QTY5;
				INFOPLIST_FILE = "Custom Notes/Info.plist";
				LD_RUNPATH_SEARCH_PATHS = (
					"$(inherited)",
					"@executable_path/Frameworks",
				);
				PRODUCT_BUNDLE_IDENTIFIER = "com.dannytsang.Custom-Notes";
				PRODUCT_NAME = "$(TARGET_NAME)";
				SWIFT_VERSION = 5.0;
				TARGETED_DEVICE_FAMILY = "1,2";
			};
			name = Debug;
		};
		F564F4C8269D5B6B00210AEB /* Release */ = {
			isa = XCBuildConfiguration;
			buildSettings = {
				ASSETCATALOG_COMPILER_APPICON_NAME = AppIcon;
				ASSETCATALOG_COMPILER_GLOBAL_ACCENT_COLOR_NAME = AccentColor;
				CODE_SIGN_STYLE = Automatic;
				DEVELOPMENT_TEAM = PY3CD6QTY5;
				INFOPLIST_FILE = "Custom Notes/Info.plist";
				LD_RUNPATH_SEARCH_PATHS = (
					"$(inherited)",
					"@executable_path/Frameworks",
				);
				PRODUCT_BUNDLE_IDENTIFIER = "com.dannytsang.Custom-Notes";
				PRODUCT_NAME = "$(TARGET_NAME)";
				SWIFT_VERSION = 5.0;
				TARGETED_DEVICE_FAMILY = "1,2";
			};
			name = Release;
		};
/* End XCBuildConfiguration section */

/* Begin XCConfigurationList section */
		F564F4AD269D5B6900210AEB /* Build configuration list for PBXProject "Custom Notes" */ = {
			isa = XCConfigurationList;
			buildConfigurations = (
				F564F4C4269D5B6B00210AEB /* Debug */,
				F564F4C5269D5B6B00210AEB /* Release */,
			);
			defaultConfigurationIsVisible = 0;
			defaultConfigurationName = Release;
		};
		F564F4C6269D5B6B00210AEB /* Build configuration list for PBXNativeTarget "Custom Notes" */ = {
			isa = XCConfigurationList;
			buildConfigurations = (
				F564F4C7269D5B6B00210AEB /* Debug */,
				F564F4C8269D5B6B00210AEB /* Release */,
			);
			defaultConfigurationIsVisible = 0;
			defaultConfigurationName = Release;
		};
/* End XCConfigurationList section */
	};
	rootObject = F564F4AA269D5B6900210AEB /* Project object */;
}
